
Microsoft Visual Studio Solution File, Format Version 12.00
# Visual Studio Version 17
VisualStudioVersion = 17.6.33815.320
MinimumVisualStudioVersion = 10.0.40219.1
Project("{FAE04EC0-301F-11D3-BF4B-00C04F79EFBC}") = "Excelescucc", "Excelescucc\Excelescucc.csproj", "{6D4509A3-8D73-40A2-890F-3747410338C0}"
EndProject
Global
	GlobalSection(SolutionConfigurationPlatforms) = preSolution
		Debug|Any CPU = Debug|Any CPU
		Release|Any CPU = Release|Any CPU
	EndGlobalSection
	GlobalSection(ProjectConfigurationPlatforms) = postSolution
		{6D4509A3-8D73-40A2-890F-3747410338C0}.Debug|Any CPU.ActiveCfg = Debug|Any CPU
		{6D4509A3-8D73-40A2-890F-3747410338C0}.Debug|Any CPU.Build.0 = Debug|Any CPU
		{6D4509A3-8D73-40A2-890F-3747410338C0}.Release|Any CPU.ActiveCfg = Release|Any CPU
		{6D4509A3-8D73-40A2-890F-3747410338C0}.Release|Any CPU.Build.0 = Release|Any CPU
	EndGlobalSection
	GlobalSection(SolutionProperties) = preSolution
		HideSolutionNode = FALSE
	EndGlobalSection
	GlobalSection(ExtensibilityGlobals) = postSolution
		SolutionGuid = {2C086DE7-968D-44EB-A64C-DBD1E16190D2}
	EndGlobalSection
EndGlobal
